
Microsoft Visual Studio Solution File, Format Version 12.00
# Visual Studio Version 16
VisualStudioVersion = 16.0.29920.165
MinimumVisualStudioVersion = 10.0.40219.1
Project("{FAE04EC0-301F-11D3-BF4B-00C04F79EFBC}") = "APBD-tut13", "APBD-tut13.csproj", "{9E4766F6-3125-4A90-8E34-89747DA0EE20}"
EndProject
Global
	GlobalSection(SolutionConfigurationPlatforms) = preSolution
		Debug|Any CPU = Debug|Any CPU
		Release|Any CPU = Release|Any CPU
	EndGlobalSection
	GlobalSection(ProjectConfigurationPlatforms) = postSolution
		{9E4766F6-3125-4A90-8E34-89747DA0EE20}.Debug|Any CPU.ActiveCfg = Debug|Any CPU
		{9E4766F6-3125-4A90-8E34-89747DA0EE20}.Debug|Any CPU.Build.0 = Debug|Any CPU
		{9E4766F6-3125-4A90-8E34-89747DA0EE20}.Release|Any CPU.ActiveCfg = Release|Any CPU
		{9E4766F6-3125-4A90-8E34-89747DA0EE20}.Release|Any CPU.Build.0 = Release|Any CPU
	EndGlobalSection
	GlobalSection(SolutionProperties) = preSolution
		HideSolutionNode = FALSE
	EndGlobalSection
	GlobalSection(ExtensibilityGlobals) = postSolution
		SolutionGuid = {DC0AC363-F51F-4E25-88EC-F0F2D809E88D}
	EndGlobalSection
EndGlobal
